
Microsoft Visual Studio Solution File, Format Version 12.00
# Visual Studio Version 17
VisualStudioVersion = 17.0.31903.59
MinimumVisualStudioVersion = 10.0.40219.1
Project("{FAE04EC0-301F-11D3-BF4B-00C04F79EFBC}") = "WebDriverTask", "WebDriverTask\WebDriverTask.csproj", "{FB853228-EA5E-418A-BF10-356EF42CCECB}"
EndProject
Project("{FAE04EC0-301F-11D3-BF4B-00C04F79EFBC}") = "WebDriverTask.Test", "WebDriverTask.Test\WebDriverTask.Test.csproj", "{1A48DA29-C0CD-45BE-9B5B-A7BFED9A8919}"
EndProject
Global
	GlobalSection(SolutionConfigurationPlatforms) = preSolution
		Debug|Any CPU = Debug|Any CPU
		Release|Any CPU = Release|Any CPU
	EndGlobalSection
	GlobalSection(SolutionProperties) = preSolution
		HideSolutionNode = FALSE
	EndGlobalSection
	GlobalSection(ProjectConfigurationPlatforms) = postSolution
		{FB853228-EA5E-418A-BF10-356EF42CCECB}.Debug|Any CPU.ActiveCfg = Debug|Any CPU
		{FB853228-EA5E-418A-BF10-356EF42CCECB}.Debug|Any CPU.Build.0 = Debug|Any CPU
		{FB853228-EA5E-418A-BF10-356EF42CCECB}.Release|Any CPU.ActiveCfg = Release|Any CPU
		{FB853228-EA5E-418A-BF10-356EF42CCECB}.Release|Any CPU.Build.0 = Release|Any CPU
		{1A48DA29-C0CD-45BE-9B5B-A7BFED9A8919}.Debug|Any CPU.ActiveCfg = Debug|Any CPU
		{1A48DA29-C0CD-45BE-9B5B-A7BFED9A8919}.Debug|Any CPU.Build.0 = Debug|Any CPU
		{1A48DA29-C0CD-45BE-9B5B-A7BFED9A8919}.Release|Any CPU.ActiveCfg = Release|Any CPU
		{1A48DA29-C0CD-45BE-9B5B-A7BFED9A8919}.Release|Any CPU.Build.0 = Release|Any CPU
	EndGlobalSection
EndGlobal
